// !$*UTF8*$!
{
	archiveVersion = 1;
	classes = {
	};
	objectVersion = 46;
	objects = {

/* Begin PBXBuildFile section */
		8DBD1DB91A631136005A495C /* main.m in Sources */ = {isa = PBXBuildFile; fileRef = 8DBD1DB81A631136005A495C /* main.m */; };
		8DBD1DBC1A631136005A495C /* AppDelegate.m in Sources */ = {isa = PBXBuildFile; fileRef = 8DBD1DBB1A631136005A495C /* AppDelegate.m */; };
		8DBD1DBF1A631136005A495C /* DatTest.xcdatamodeld in Sources */ = {isa = PBXBuildFile; fileRef = 8DBD1DBD1A631136005A495C /* DatTest.xcdatamodeld */; };
		8DBD1DC21A631136005A495C /* ViewController.m in Sources */ = {isa = PBXBuildFile; fileRef = 8DBD1DC11A631136005A495C /* ViewController.m */; };
		8DBD1DC51A631136005A495C /* Main.storyboard in Resources */ = {isa = PBXBuildFile; fileRef = 8DBD1DC31A631136005A495C /* Main.storyboard */; };
		8DBD1DC71A631136005A495C /* Images.xcassets in Resources */ = {isa = PBXBuildFile; fileRef = 8DBD1DC61A631136005A495C /* Images.xcassets */; };
		8DBD1DCA1A631136005A495C /* LaunchScreen.xib in Resources */ = {isa = PBXBuildFile; fileRef = 8DBD1DC81A631136005A495C /* LaunchScreen.xib */; };
		8DBD1DD61A631136005A495C /* DatTestTests.m in Sources */ = {isa = PBXBuildFile; fileRef = 8DBD1DD51A631136005A495C /* DatTestTests.m */; };
		8DBD1DE31A631A01005A495C /* input.dat in Resources */ = {isa = PBXBuildFile; fileRef = 8DBD1DE21A631A01005A495C /* input.dat */; };
/* End PBXBuildFile section */

/* Begin PBXContainerItemProxy section */
		8DBD1DD01A631136005A495C /* PBXContainerItemProxy */ = {
			isa = PBXContainerItemProxy;
			containerPortal = 8DBD1DAB1A631136005A495C /* Project object */;
			proxyType = 1;
			remoteGlobalIDString = 8DBD1DB21A631136005A495C;
			remoteInfo = DatTest;
		};
/* End PBXContainerItemProxy section */

/* Begin PBXFileReference section */
		8DBD1DB31A631136005A495C /* DatTest.app */ = {isa = PBXFileReference; explicitFileType = wrapper.application; includeInIndex = 0; path = DatTest.app; sourceTree = BUILT_PRODUCTS_DIR; };
		8DBD1DB71A631136005A495C /* Info.plist */ = {isa = PBXFileReference; lastKnownFileType = text.plist.xml; path = Info.plist; sourceTree = "<group>"; };
		8DBD1DB81A631136005A495C /* main.m */ = {isa = PBXFileReference; lastKnownFileType = sourcecode.c.objc; path = main.m; sourceTree = "<group>"; };
		8DBD1DBA1A631136005A495C /* AppDelegate.h */ = {isa = PBXFileReference; lastKnownFileType = sourcecode.c.h; path = AppDelegate.h; sourceTree = "<group>"; };
		8DBD1DBB1A631136005A495C /* AppDelegate.m */ = {isa = PBXFileReference; lastKnownFileType = sourcecode.c.objc; path = AppDelegate.m; sourceTree = "<group>"; };
		8DBD1DBE1A631136005A495C /* DatTest.xcdatamodel */ = {isa = PBXFileReference; lastKnownFileType = wrapper.xcdatamodel; path = DatTest.xcdatamodel; sourceTree = "<group>"; };
		8DBD1DC01A631136005A495C /* ViewController.h */ = {isa = PBXFileReference; lastKnownFileType = sourcecode.c.h; path = ViewController.h; sourceTree = "<group>"; };
		8DBD1DC11A631136005A495C /* ViewController.m */ = {isa = PBXFileReference; lastKnownFileType = sourcecode.c.objc; path = ViewController.m; sourceTree = "<group>"; };
		8DBD1DC41A631136005A495C /* Base */ = {isa = PBXFileReference; lastKnownFileType = file.storyboard; name = Base; path = Base.lproj/Main.storyboard; sourceTree = "<group>"; };
		8DBD1DC61A631136005A495C /* Images.xcassets */ = {isa = PBXFileReference; lastKnownFileType = folder.assetcatalog; path = Images.xcassets; sourceTree = "<group>"; };
		8DBD1DC91A631136005A495C /* Base */ = {isa = PBXFileReference; lastKnownFileType = file.xib; name = Base; path = Base.lproj/LaunchScreen.xib; sourceTree = "<group>"; };
		8DBD1DCF1A631136005A495C /* DatTestTests.xctest */ = {isa = PBXFileReference; explicitFileType = wrapper.cfbundle; includeInIndex = 0; path = DatTestTests.xctest; sourceTree = BUILT_PRODUCTS_DIR; };
		8DBD1DD41A631136005A495C /* Info.plist */ = {isa = PBXFileReference; lastKnownFileType = text.plist.xml; path = Info.plist; sourceTree = "<group>"; };
		8DBD1DD51A631136005A495C /* DatTestTests.m */ = {isa = PBXFileReference; lastKnownFileType = sourcecode.c.objc; path = DatTestTests.m; sourceTree = "<group>"; };
		8DBD1DE21A631A01005A495C /* input.dat */ = {isa = PBXFileReference; lastKnownFileType = file; path = input.dat; sourceTree = "<group>"; };
/* End PBXFileReference section */

/* Begin PBXFrameworksBuildPhase section */
		8DBD1DB01A631136005A495C /* Frameworks */ = {
			isa = PBXFrameworksBuildPhase;
			buildActionMask = 2147483647;
			files = (
			);
			runOnlyForDeploymentPostprocessing = 0;
		};
		8DBD1DCC1A631136005A495C /* Frameworks */ = {
			isa = PBXFrameworksBuildPhase;
			buildActionMask = 2147483647;
			files = (
			);
			runOnlyForDeploymentPostprocessing = 0;
		};
/* End PBXFrameworksBuildPhase section */

/* Begin PBXGroup section */
		8DBD1DAA1A631136005A495C = {
			isa = PBXGroup;
			children = (
				8DBD1DB51A631136005A495C /* DatTest */,
				8DBD1DD21A631136005A495C /* DatTestTests */,
				8DBD1DB41A631136005A495C /* Products */,
			);
			sourceTree = "<group>";
		};
		8DBD1DB41A631136005A495C /* Products */ = {
			isa = PBXGroup;
			children = (
				8DBD1DB31A631136005A495C /* DatTest.app */,
				8DBD1DCF1A631136005A495C /* DatTestTests.xctest */,
			);
			name = Products;
			sourceTree = "<group>";
		};
		8DBD1DB51A631136005A495C /* DatTest */ = {
			isa = PBXGroup;
			children = (
				8DBD1DBA1A631136005A495C /* AppDelegate.h */,
				8DBD1DBB1A631136005A495C /* AppDelegate.m */,
				8DBD1DC01A631136005A495C /* ViewController.h */,
				8DBD1DC11A631136005A495C /* ViewController.m */,
				8DBD1DC31A631136005A495C /* Main.storyboard */,
				8DBD1DC61A631136005A495C /* Images.xcassets */,
				8DBD1DC81A631136005A495C /* LaunchScreen.xib */,
				8DBD1DBD1A631136005A495C /* DatTest.xcdatamodeld */,
				8DBD1DB61A631136005A495C /* Supporting Files */,
			);
			path = DatTest;
			sourceTree = "<group>";
		};
		8DBD1DB61A631136005A495C /* Supporting Files */ = {
			isa = PBXGroup;
			children = (
				8DBD1DE21A631A01005A495C /* input.dat */,
				8DBD1DB71A631136005A495C /* Info.plist */,
				8DBD1DB81A631136005A495C /* main.m */,
			);
			name = "Supporting Files";
			sourceTree = "<group>";
		};
		8DBD1DD21A631136005A495C /* DatTestTests */ = {
			isa = PBXGroup;
			children = (
				8DBD1DD51A631136005A495C /* DatTestTests.m */,
				8DBD1DD31A631136005A495C /* Supporting Files */,
			);
			path = DatTestTests;
			sourceTree = "<group>";
		};
		8DBD1DD31A631136005A495C /* Supporting Files */ = {
			isa = PBXGroup;
			children = (
				8DBD1DD41A631136005A495C /* Info.plist */,
			);
			name = "Supporting Files";
			sourceTree = "<group>";
		};
/* End PBXGroup section */

/* Begin PBXNativeTarget section */
		8DBD1DB21A631136005A495C /* DatTest */ = {
			isa = PBXNativeTarget;
			buildConfigurationList = 8DBD1DD91A631136005A495C /* Build configuration list for PBXNativeTarget "DatTest" */;
			buildPhases = (
				8DBD1DAF1A631136005A495C /* Sources */,
				8DBD1DB01A631136005A495C /* Frameworks */,
				8DBD1DB11A631136005A495C /* Resources */,
			);
			buildRules = (
			);
			dependencies = (
			);
			name = DatTest;
			productName = DatTest;
			productReference = 8DBD1DB31A631136005A495C /* DatTest.app */;
			productType = "com.apple.product-type.application";
		};
		8DBD1DCE1A631136005A495C /* DatTestTests */ = {
			isa = PBXNativeTarget;
			buildConfigurationList = 8DBD1DDC1A631136005A495C /* Build configuration list for PBXNativeTarget "DatTestTests" */;
			buildPhases = (
				8DBD1DCB1A631136005A495C /* Sources */,
				8DBD1DCC1A631136005A495C /* Frameworks */,
				8DBD1DCD1A631136005A495C /* Resources */,
			);
			buildRules = (
			);
			dependencies = (
				8DBD1DD11A631136005A495C /* PBXTargetDependency */,
			);
			name = DatTestTests;
			productName = DatTestTests;
			productReference = 8DBD1DCF1A631136005A495C /* DatTestTests.xctest */;
			productType = "com.apple.product-type.bundle.unit-test";
		};
/* End PBXNativeTarget section */

/* Begin PBXProject section */
		8DBD1DAB1A631136005A495C /* Project object */ = {
			isa = PBXProject;
			attributes = {
				LastUpgradeCheck = 0610;
				ORGANIZATIONNAME = "Alex Hsu";
				TargetAttributes = {
					8DBD1DB21A631136005A495C = {
						CreatedOnToolsVersion = 6.1.1;
					};
					8DBD1DCE1A631136005A495C = {
						CreatedOnToolsVersion = 6.1.1;
						TestTargetID = 8DBD1DB21A631136005A495C;
					};
				};
			};
			buildConfigurationList = 8DBD1DAE1A631136005A495C /* Build configuration list for PBXProject "DatTest" */;
			compatibilityVersion = "Xcode 3.2";
			developmentRegion = English;
			hasScannedForEncodings = 0;
			knownRegions = (
				en,
				Base,
			);
			mainGroup = 8DBD1DAA1A631136005A495C;
			productRefGroup = 8DBD1DB41A631136005A495C /* Products */;
			projectDirPath = "";
			projectRoot = "";
			targets = (
				8DBD1DB21A631136005A495C /* DatTest */,
				8DBD1DCE1A631136005A495C /* DatTestTests */,
			);
		};
/* End PBXProject section */

/* Begin PBXResourcesBuildPhase section */
		8DBD1DB11A631136005A495C /* Resources */ = {
			isa = PBXResourcesBuildPhase;
			buildActionMask = 2147483647;
			files = (
				8DBD1DE31A631A01005A495C /* input.dat in Resources */,
				8DBD1DC51A631136005A495C /* Main.storyboard in Resources */,
				8DBD1DCA1A631136005A495C /* LaunchScreen.xib in Resources */,
				8DBD1DC71A631136005A495C /* Images.xcassets in Resources */,
			);
			runOnlyForDeploymentPostprocessing = 0;
		};
		8DBD1DCD1A631136005A495C /* Resources */ = {
			isa = PBXResourcesBuildPhase;
			buildActionMask = 2147483647;
			files = (
			);
			runOnlyForDeploymentPostprocessing = 0;
		};
/* End PBXResourcesBuildPhase section */

/* Begin PBXSourcesBuildPhase section */
		8DBD1DAF1A631136005A495C /* Sources */ = {
			isa = PBXSourcesBuildPhase;
			buildActionMask = 2147483647;
			files = (
				8DBD1DBF1A631136005A495C /* DatTest.xcdatamodeld in Sources */,
				8DBD1DBC1A631136005A495C /* AppDelegate.m in Sources */,
				8DBD1DC21A631136005A495C /* ViewController.m in Sources */,
				8DBD1DB91A631136005A495C /* main.m in Sources */,
			);
			runOnlyForDeploymentPostprocessing = 0;
		};
		8DBD1DCB1A631136005A495C /* Sources */ = {
			isa = PBXSourcesBuildPhase;
			buildActionMask = 2147483647;
			files = (
				8DBD1DD61A631136005A495C /* DatTestTests.m in Sources */,
			);
			runOnlyForDeploymentPostprocessing = 0;
		};
/* End PBXSourcesBuildPhase section */

/* Begin PBXTargetDependency section */
		8DBD1DD11A631136005A495C /* PBXTargetDependency */ = {
			isa = PBXTargetDependency;
			target = 8DBD1DB21A631136005A495C /* DatTest */;
			targetProxy = 8DBD1DD01A631136005A495C /* PBXContainerItemProxy */;
		};
/* End PBXTargetDependency section */

/* Begin PBXVariantGroup section */
		8DBD1DC31A631136005A495C /* Main.storyboard */ = {
			isa = PBXVariantGroup;
			children = (
				8DBD1DC41A631136005A495C /* Base */,
			);
			name = Main.storyboard;
			sourceTree = "<group>";
		};
		8DBD1DC81A631136005A495C /* LaunchScreen.xib */ = {
			isa = PBXVariantGroup;
			children = (
				8DBD1DC91A631136005A495C /* Base */,
			);
			name = LaunchScreen.xib;
			sourceTree = "<group>";
		};
/* End PBXVariantGroup section */

/* Begin XCBuildConfiguration section */
		8DBD1DD71A631136005A495C /* Debug */ = {
			isa = XCBuildConfiguration;
			buildSettings = {
				ALWAYS_SEARCH_USER_PATHS = NO;
				CLANG_CXX_LANGUAGE_STANDARD = "gnu++0x";
				CLANG_CXX_LIBRARY = "libc++";
				CLANG_ENABLE_MODULES = YES;
				CLANG_ENABLE_OBJC_ARC = YES;
				CLANG_WARN_BOOL_CONVERSION = YES;
				CLANG_WARN_CONSTANT_CONVERSION = YES;
				CLANG_WARN_DIRECT_OBJC_ISA_USAGE = YES_ERROR;
				CLANG_WARN_EMPTY_BODY = YES;
				CLANG_WARN_ENUM_CONVERSION = YES;
				CLANG_WARN_INT_CONVERSION = YES;
				CLANG_WARN_OBJC_ROOT_CLASS = YES_ERROR;
				CLANG_WARN_UNREACHABLE_CODE = YES;
				CLANG_WARN__DUPLICATE_METHOD_MATCH = YES;
				"CODE_SIGN_IDENTITY[sdk=iphoneos*]" = "iPhone Developer";
				COPY_PHASE_STRIP = NO;
				ENABLE_STRICT_OBJC_MSGSEND = YES;
				GCC_C_LANGUAGE_STANDARD = gnu99;
				GCC_DYNAMIC_NO_PIC = NO;
				GCC_OPTIMIZATION_LEVEL = 0;
				GCC_PREPROCESSOR_DEFINITIONS = (
					"DEBUG=1",
					"$(inherited)",
				);
				GCC_SYMBOLS_PRIVATE_EXTERN = NO;
				GCC_WARN_64_TO_32_BIT_CONVERSION = YES;
				GCC_WARN_ABOUT_RETURN_TYPE = YES_ERROR;
				GCC_WARN_UNDECLARED_SELECTOR = YES;
				GCC_WARN_UNINITIALIZED_AUTOS = YES_AGGRESSIVE;
				GCC_WARN_UNUSED_FUNCTION = YES;
				GCC_WARN_UNUSED_VARIABLE = YES;
				IPHONEOS_DEPLOYMENT_TARGET = 8.1;
				MTL_ENABLE_DEBUG_INFO = YES;
				ONLY_ACTIVE_ARCH = YES;
				SDKROOT = iphoneos;
			};
			name = Debug;
		};
		8DBD1DD81A631136005A495C /* Release */ = {
			isa = XCBuildConfiguration;
			buildSettings = {
				ALWAYS_SEARCH_USER_PATHS = NO;
				CLANG_CXX_LANGUAGE_STANDARD = "gnu++0x";
				CLANG_CXX_LIBRARY = "libc++";
				CLANG_ENABLE_MODULES = YES;
				CLANG_ENABLE_OBJC_ARC = YES;
				CLANG_WARN_BOOL_CONVERSION = YES;
				CLANG_WARN_CONSTANT_CONVERSION = YES;
				CLANG_WARN_DIRECT_OBJC_ISA_USAGE = YES_ERROR;
				CLANG_WARN_EMPTY_BODY = YES;
				CLANG_WARN_ENUM_CONVERSION = YES;
				CLANG_WARN_INT_CONVERSION = YES;
				CLANG_WARN_OBJC_ROOT_CLASS = YES_ERROR;
				CLANG_WARN_UNREACHABLE_CODE = YES;
				CLANG_WARN__DUPLICATE_METHOD_MATCH = YES;
				"CODE_SIGN_IDENTITY[sdk=iphoneos*]" = "iPhone Developer";
				COPY_PHASE_STRIP = YES;
				ENABLE_NS_ASSERTIONS = NO;
				ENABLE_STRICT_OBJC_MSGSEND = YES;
				GCC_C_LANGUAGE_STANDARD = gnu99;
				GCC_WARN_64_TO_32_BIT_CONVERSION = YES;
				GCC_WARN_ABOUT_RETURN_TYPE = YES_ERROR;
				GCC_WARN_UNDECLARED_SELECTOR = YES;
				GCC_WARN_UNINITIALIZED_AUTOS = YES_AGGRESSIVE;
				GCC_WARN_UNUSED_FUNCTION = YES;
				GCC_WARN_UNUSED_VARIABLE = YES;
				IPHONEOS_DEPLOYMENT_TARGET = 8.1;
				MTL_ENABLE_DEBUG_INFO = NO;
				SDKROOT = iphoneos;
				VALIDATE_PRODUCT = YES;
			};
			name = Release;
		};
		8DBD1DDA1A631136005A495C /* Debug */ = {
			isa = XCBuildConfiguration;
			buildSettings = {
				ASSETCATALOG_COMPILER_APPICON_NAME = AppIcon;
				INFOPLIST_FILE = DatTest/Info.plist;
				LD_RUNPATH_SEARCH_PATHS = "$(inherited) @executable_path/Frameworks";
				PRODUCT_NAME = "$(TARGET_NAME)";
			};
			name = Debug;
		};
		8DBD1DDB1A631136005A495C /* Release */ = {
			isa = XCBuildConfiguration;
			buildSettings = {
				ASSETCATALOG_COMPILER_APPICON_NAME = AppIcon;
				INFOPLIST_FILE = DatTest/Info.plist;
				LD_RUNPATH_SEARCH_PATHS = "$(inherited) @executable_path/Frameworks";
				PRODUCT_NAME = "$(TARGET_NAME)";
			};
			name = Release;
		};
		8DBD1DDD1A631136005A495C /* Debug */ = {
			isa = XCBuildConfiguration;
			buildSettings = {
				BUNDLE_LOADER = "$(TEST_HOST)";
				FRAMEWORK_SEARCH_PATHS = (
					"$(SDKROOT)/Developer/Library/Frameworks",
					"$(inherited)",
				);
				GCC_PREPROCESSOR_DEFINITIONS = (
					"DEBUG=1",
					"$(inherited)",
				);
				INFOPLIST_FILE = DatTestTests/Info.plist;
				LD_RUNPATH_SEARCH_PATHS = "$(inherited) @executable_path/Frameworks @loader_path/Frameworks";
				PRODUCT_NAME = "$(TARGET_NAME)";
				TEST_HOST = "$(BUILT_PRODUCTS_DIR)/DatTest.app/DatTest";
			};
			name = Debug;
		};
		8DBD1DDE1A631136005A495C /* Release */ = {
			isa = XCBuildConfiguration;
			buildSettings = {
				BUNDLE_LOADER = "$(TEST_HOST)";
				FRAMEWORK_SEARCH_PATHS = (
					"$(SDKROOT)/Developer/Library/Frameworks",
					"$(inherited)",
				);
				INFOPLIST_FILE = DatTestTests/Info.plist;
				LD_RUNPATH_SEARCH_PATHS = "$(inherited) @executable_path/Frameworks @loader_path/Frameworks";
				PRODUCT_NAME = "$(TARGET_NAME)";
				TEST_HOST = "$(BUILT_PRODUCTS_DIR)/DatTest.app/DatTest";
			};
			name = Release;
		};
/* End XCBuildConfiguration section */

/* Begin XCConfigurationList section */
		8DBD1DAE1A631136005A495C /* Build configuration list for PBXProject "DatTest" */ = {
			isa = XCConfigurationList;
			buildConfigurations = (
				8DBD1DD71A631136005A495C /* Debug */,
				8DBD1DD81A631136005A495C /* Release */,
			);
			defaultConfigurationIsVisible = 0;
			defaultConfigurationName = Release;
		};
		8DBD1DD91A631136005A495C /* Build configuration list for PBXNativeTarget "DatTest" */ = {
			isa = XCConfigurationList;
			buildConfigurations = (
				8DBD1DDA1A631136005A495C /* Debug */,
				8DBD1DDB1A631136005A495C /* Release */,
			);
			defaultConfigurationIsVisible = 0;
			defaultConfigurationName = Release;
		};
		8DBD1DDC1A631136005A495C /* Build configuration list for PBXNativeTarget "DatTestTests" */ = {
			isa = XCConfigurationList;
			buildConfigurations = (
				8DBD1DDD1A631136005A495C /* Debug */,
				8DBD1DDE1A631136005A495C /* Release */,
			);
			defaultConfigurationIsVisible = 0;
			defaultConfigurationName = Release;
		};
/* End XCConfigurationList section */

/* Begin XCVersionGroup section */
		8DBD1DBD1A631136005A495C /* DatTest.xcdatamodeld */ = {
			isa = XCVersionGroup;
			children = (
				8DBD1DBE1A631136005A495C /* DatTest.xcdatamodel */,
			);
			currentVersion = 8DBD1DBE1A631136005A495C /* DatTest.xcdatamodel */;
			path = DatTest.xcdatamodeld;
			sourceTree = "<group>";
			versionGroupType = wrapper.xcdatamodel;
		};
/* End XCVersionGroup section */
	};
	rootObject = 8DBD1DAB1A631136005A495C /* Project object */;
}
